
Microsoft Visual Studio Solution File, Format Version 12.00
# Visual Studio Version 17
VisualStudioVersion = 17.13.35825.156 d17.13
MinimumVisualStudioVersion = 10.0.40219.1
Project("{FAE04EC0-301F-11D3-BF4B-00C04F79EFBC}") = "BlazorWebAppWithSimpleAuthentication", "BlazorWebAppWithSimpleAuthentication.csproj", "{5DB2B8C3-4456-4FE1-9B35-0C0C611EF75F}"
EndProject
Global
	GlobalSection(SolutionConfigurationPlatforms) = preSolution
		Debug|Any CPU = Debug|Any CPU
		Release|Any CPU = Release|Any CPU
	EndGlobalSection
	GlobalSection(ProjectConfigurationPlatforms) = postSolution
		{5DB2B8C3-4456-4FE1-9B35-0C0C611EF75F}.Debug|Any CPU.ActiveCfg = Debug|Any CPU
		{5DB2B8C3-4456-4FE1-9B35-0C0C611EF75F}.Debug|Any CPU.Build.0 = Debug|Any CPU
		{5DB2B8C3-4456-4FE1-9B35-0C0C611EF75F}.Release|Any CPU.ActiveCfg = Release|Any CPU
		{5DB2B8C3-4456-4FE1-9B35-0C0C611EF75F}.Release|Any CPU.Build.0 = Release|Any CPU
	EndGlobalSection
	GlobalSection(SolutionProperties) = preSolution
		HideSolutionNode = FALSE
	EndGlobalSection
	GlobalSection(ExtensibilityGlobals) = postSolution
		SolutionGuid = {1EE016F8-3DC3-4ACA-860C-03527E3431B0}
	EndGlobalSection
EndGlobal
